// !$*UTF8*$!
{
	archiveVersion = 1;
	classes = {
	};
	objectVersion = 46;
	objects = {

/* Begin PBXBuildFile section */
		944FA7231F4299A700568794 /* .editorconfig in Resources */ = {isa = PBXBuildFile; fileRef = 944FA6CC1F4299A700568794 /* .editorconfig */; };
		944FA7241F4299A700568794 /* .gitattributes in Resources */ = {isa = PBXBuildFile; fileRef = 944FA6CD1F4299A700568794 /* .gitattributes */; };
		944FA7251F4299A700568794 /* .gitignore in Resources */ = {isa = PBXBuildFile; fileRef = 944FA6CE1F4299A700568794 /* .gitignore */; };
		944FA7261F4299A700568794 /* modules.xml in Resources */ = {isa = PBXBuildFile; fileRef = 944FA6D01F4299A700568794 /* modules.xml */; };
		944FA7271F4299A700568794 /* untitled.iml in Resources */ = {isa = PBXBuildFile; fileRef = 944FA6D11F4299A700568794 /* untitled.iml */; };
		944FA7281F4299A700568794 /* workspace.xml in Resources */ = {isa = PBXBuildFile; fileRef = 944FA6D21F4299A700568794 /* workspace.xml */; };
		944FA7291F4299A700568794 /* .jscsrc in Resources */ = {isa = PBXBuildFile; fileRef = 944FA6D31F4299A700568794 /* .jscsrc */; };
		944FA72A1F4299A700568794 /* .jshintrc in Resources */ = {isa = PBXBuildFile; fileRef = 944FA6D41F4299A700568794 /* .jshintrc */; };
		944FA72B1F4299A700568794 /* .travis.yml in Resources */ = {isa = PBXBuildFile; fileRef = 944FA6D51F4299A700568794 /* .travis.yml */; };
		944FA72C1F4299A700568794 /* CHANGELOG.md in Sources */ = {isa = PBXBuildFile; fileRef = 944FA6D61F4299A700568794 /* CHANGELOG.md */; };
		944FA72D1F4299A700568794 /* CONTRIBUTING.md in Sources */ = {isa = PBXBuildFile; fileRef = 944FA6D71F4299A700568794 /* CONTRIBUTING.md */; };
		944FA72E1F4299A700568794 /* .editorconfig in Resources */ = {isa = PBXBuildFile; fileRef = 944FA6D91F4299A700568794 /* .editorconfig */; };
		944FA72F1F4299A700568794 /* .gitattributes in Resources */ = {isa = PBXBuildFile; fileRef = 944FA6DA1F4299A700568794 /* .gitattributes */; };
		944FA7301F4299A700568794 /* .gitignore in Resources */ = {isa = PBXBuildFile; fileRef = 944FA6DB1F4299A700568794 /* .gitignore */; };
		944FA7311F4299A700568794 /* .htaccess in Resources */ = {isa = PBXBuildFile; fileRef = 944FA6DC1F4299A700568794 /* .htaccess */; };
		944FA7321F4299A700568794 /* 404.html in Resources */ = {isa = PBXBuildFile; fileRef = 944FA6DD1F4299A700568794 /* 404.html */; };
		944FA7331F4299A700568794 /* apple-touch-icon.png in Resources */ = {isa = PBXBuildFile; fileRef = 944FA6DE1F4299A700568794 /* apple-touch-icon.png */; };
		944FA7341F4299A700568794 /* browserconfig.xml in Resources */ = {isa = PBXBuildFile; fileRef = 944FA6DF1F4299A700568794 /* browserconfig.xml */; };
		944FA7351F4299A700568794 /* crossdomain.xml in Resources */ = {isa = PBXBuildFile; fileRef = 944FA6E01F4299A700568794 /* crossdomain.xml */; };
		944FA7361F4299A700568794 /* main.css in Resources */ = {isa = PBXBuildFile; fileRef = 944FA6E21F4299A700568794 /* main.css */; };
		944FA7371F4299A700568794 /* normalize.css in Resources */ = {isa = PBXBuildFile; fileRef = 944FA6E31F4299A700568794 /* normalize.css */; };
		944FA7381F4299A700568794 /* css.md in Sources */ = {isa = PBXBuildFile; fileRef = 944FA6E51F4299A700568794 /* css.md */; };
		944FA7391F4299A700568794 /* extend.md in Sources */ = {isa = PBXBuildFile; fileRef = 944FA6E61F4299A700568794 /* extend.md */; };
		944FA73A1F4299A700568794 /* faq.md in Sources */ = {isa = PBXBuildFile; fileRef = 944FA6E71F4299A700568794 /* faq.md */; };
		944FA73B1F4299A700568794 /* html.md in Sources */ = {isa = PBXBuildFile; fileRef = 944FA6E81F4299A700568794 /* html.md */; };
		944FA73C1F4299A700568794 /* js.md in Sources */ = {isa = PBXBuildFile; fileRef = 944FA6E91F4299A700568794 /* js.md */; };
		944FA73D1F4299A700568794 /* misc.md in Sources */ = {isa = PBXBuildFile; fileRef = 944FA6EA1F4299A700568794 /* misc.md */; };
		944FA73E1F4299A700568794 /* TOC.md in Sources */ = {isa = PBXBuildFile; fileRef = 944FA6EB1F4299A700568794 /* TOC.md */; };
		944FA73F1F4299A700568794 /* usage.md in Sources */ = {isa = PBXBuildFile; fileRef = 944FA6EC1F4299A700568794 /* usage.md */; };
		944FA7401F4299A700568794 /* favicon.ico in Resources */ = {isa = PBXBuildFile; fileRef = 944FA6ED1F4299A700568794 /* favicon.ico */; };
		944FA7411F4299A700568794 /* humans.txt in Resources */ = {isa = PBXBuildFile; fileRef = 944FA6EE1F4299A700568794 /* humans.txt */; };
		944FA7421F4299A700568794 /* .gitignore in Resources */ = {isa = PBXBuildFile; fileRef = 944FA6F01F4299A700568794 /* .gitignore */; };
		944FA7431F4299A700568794 /* index.html in Resources */ = {isa = PBXBuildFile; fileRef = 944FA6F11F4299A700568794 /* index.html */; };
		944FA7441F4299A700568794 /* main.js in Resources */ = {isa = PBXBuildFile; fileRef = 944FA6F31F4299A700568794 /* main.js */; };
		944FA7451F4299A700568794 /* plugins.js in Resources */ = {isa = PBXBuildFile; fileRef = 944FA6F41F4299A700568794 /* plugins.js */; };
		944FA7461F4299A700568794 /* jquery-1.12.0.min.js in Resources */ = {isa = PBXBuildFile; fileRef = 944FA6F61F4299A700568794 /* jquery-1.12.0.min.js */; };
		944FA7471F4299A700568794 /* modernizr-2.8.3.min.js in Resources */ = {isa = PBXBuildFile; fileRef = 944FA6F71F4299A700568794 /* modernizr-2.8.3.min.js */; };
		944FA7481F4299A700568794 /* LICENSE.txt in Resources */ = {isa = PBXBuildFile; fileRef = 944FA6F81F4299A700568794 /* LICENSE.txt */; };
		944FA7491F4299A700568794 /* robots.txt in Resources */ = {isa = PBXBuildFile; fileRef = 944FA6F91F4299A700568794 /* robots.txt */; };
		944FA74A1F4299A700568794 /* tile-wide.png in Resources */ = {isa = PBXBuildFile; fileRef = 944FA6FA1F4299A700568794 /* tile-wide.png */; };
		944FA74B1F4299A700568794 /* tile.png in Resources */ = {isa = PBXBuildFile; fileRef = 944FA6FB1F4299A700568794 /* tile.png */; };
		944FA74C1F4299A700568794 /* gulpfile.js in Resources */ = {isa = PBXBuildFile; fileRef = 944FA6FC1F4299A700568794 /* gulpfile.js */; };
		944FA74D1F4299A700568794 /* LICENSE.txt in Resources */ = {isa = PBXBuildFile; fileRef = 944FA6FD1F4299A700568794 /* LICENSE.txt */; };
		944FA74E1F4299A700568794 /* package.json in Resources */ = {isa = PBXBuildFile; fileRef = 944FA6FE1F4299A700568794 /* package.json */; };
		944FA74F1F4299A700568794 /* README.md in Sources */ = {isa = PBXBuildFile; fileRef = 944FA6FF1F4299A700568794 /* README.md */; };
		944FA7501F4299A700568794 /* .editorconfig in Resources */ = {isa = PBXBuildFile; fileRef = 944FA7011F4299A700568794 /* .editorconfig */; };
		944FA7511F4299A700568794 /* .gitattributes in Resources */ = {isa = PBXBuildFile; fileRef = 944FA7021F4299A700568794 /* .gitattributes */; };
		944FA7521F4299A700568794 /* .gitignore in Resources */ = {isa = PBXBuildFile; fileRef = 944FA7031F4299A700568794 /* .gitignore */; };
		944FA7531F4299A700568794 /* 404.html in Resources */ = {isa = PBXBuildFile; fileRef = 944FA7041F4299A700568794 /* 404.html */; };
		944FA7541F4299A700568794 /* apple-touch-icon.png in Resources */ = {isa = PBXBuildFile; fileRef = 944FA7051F4299A700568794 /* apple-touch-icon.png */; };
		944FA7551F4299A700568794 /* browserconfig.xml in Resources */ = {isa = PBXBuildFile; fileRef = 944FA7061F4299A700568794 /* browserconfig.xml */; };
		944FA7561F4299A700568794 /* crossdomain.xml in Resources */ = {isa = PBXBuildFile; fileRef = 944FA7071F4299A700568794 /* crossdomain.xml */; };
		944FA7571F4299A700568794 /* main.css in Resources */ = {isa = PBXBuildFile; fileRef = 944FA7091F4299A700568794 /* main.css */; };
		944FA7581F4299A700568794 /* css.md in Sources */ = {isa = PBXBuildFile; fileRef = 944FA70B1F4299A700568794 /* css.md */; };
		944FA7591F4299A700568794 /* extend.md in Sources */ = {isa = PBXBuildFile; fileRef = 944FA70C1F4299A700568794 /* extend.md */; };
		944FA75A1F4299A700568794 /* faq.md in Sources */ = {isa = PBXBuildFile; fileRef = 944FA70D1F4299A700568794 /* faq.md */; };
		944FA75B1F4299A700568794 /* html.md in Sources */ = {isa = PBXBuildFile; fileRef = 944FA70E1F4299A700568794 /* html.md */; };
		944FA75C1F4299A700568794 /* js.md in Sources */ = {isa = PBXBuildFile; fileRef = 944FA70F1F4299A700568794 /* js.md */; };
		944FA75D1F4299A700568794 /* misc.md in Sources */ = {isa = PBXBuildFile; fileRef = 944FA7101F4299A700568794 /* misc.md */; };
		944FA75E1F4299A700568794 /* TOC.md in Sources */ = {isa = PBXBuildFile; fileRef = 944FA7111F4299A700568794 /* TOC.md */; };
		944FA75F1F4299A700568794 /* usage.md in Sources */ = {isa = PBXBuildFile; fileRef = 944FA7121F4299A700568794 /* usage.md */; };
		944FA7601F4299A700568794 /* favicon.ico in Resources */ = {isa = PBXBuildFile; fileRef = 944FA7131F4299A700568794 /* favicon.ico */; };
		944FA7611F4299A700568794 /* humans.txt in Resources */ = {isa = PBXBuildFile; fileRef = 944FA7141F4299A700568794 /* humans.txt */; };
		944FA7621F4299A700568794 /* .gitignore in Resources */ = {isa = PBXBuildFile; fileRef = 944FA7161F4299A700568794 /* .gitignore */; };
		944FA7631F4299A700568794 /* index.html in Resources */ = {isa = PBXBuildFile; fileRef = 944FA7171F4299A700568794 /* index.html */; };
		944FA7641F4299A700568794 /* main.js in Resources */ = {isa = PBXBuildFile; fileRef = 944FA7191F4299A700568794 /* main.js */; };
		944FA7651F4299A700568794 /* plugins.js in Resources */ = {isa = PBXBuildFile; fileRef = 944FA71A1F4299A700568794 /* plugins.js */; };
		944FA7661F4299A700568794 /* modernizr-2.8.3.min.js in Resources */ = {isa = PBXBuildFile; fileRef = 944FA71C1F4299A700568794 /* modernizr-2.8.3.min.js */; };
		944FA7671F4299A700568794 /* robots.txt in Resources */ = {isa = PBXBuildFile; fileRef = 944FA71D1F4299A700568794 /* robots.txt */; };
		944FA7681F4299A700568794 /* tile-wide.png in Resources */ = {isa = PBXBuildFile; fileRef = 944FA71E1F4299A700568794 /* tile-wide.png */; };
		944FA7691F4299A700568794 /* tile.png in Resources */ = {isa = PBXBuildFile; fileRef = 944FA71F1F4299A700568794 /* tile.png */; };
		944FA76A1F4299A700568794 /* file_content.js in Resources */ = {isa = PBXBuildFile; fileRef = 944FA7211F4299A700568794 /* file_content.js */; };
		944FA76B1F4299A700568794 /* file_existence.js in Resources */ = {isa = PBXBuildFile; fileRef = 944FA7221F4299A700568794 /* file_existence.js */; };
		945AD9DF1F4293B400B9AB92 /* main.m in Sources */ = {isa = PBXBuildFile; fileRef = 945AD9DE1F4293B400B9AB92 /* main.m */; };
		945AD9E21F4293B400B9AB92 /* AppDelegate.m in Sources */ = {isa = PBXBuildFile; fileRef = 945AD9E11F4293B400B9AB92 /* AppDelegate.m */; };
		945AD9E51F4293B400B9AB92 /* ViewController.m in Sources */ = {isa = PBXBuildFile; fileRef = 945AD9E41F4293B400B9AB92 /* ViewController.m */; };
		945AD9E81F4293B400B9AB92 /* Main.storyboard in Resources */ = {isa = PBXBuildFile; fileRef = 945AD9E61F4293B400B9AB92 /* Main.storyboard */; };
		945AD9EA1F4293B400B9AB92 /* Assets.xcassets in Resources */ = {isa = PBXBuildFile; fileRef = 945AD9E91F4293B400B9AB92 /* Assets.xcassets */; };
		945AD9ED1F4293B400B9AB92 /* LaunchScreen.storyboard in Resources */ = {isa = PBXBuildFile; fileRef = 945AD9EB1F4293B400B9AB92 /* LaunchScreen.storyboard */; };
/* End PBXBuildFile section */

/* Begin PBXFileReference section */
		944FA6CC1F4299A700568794 /* .editorconfig */ = {isa = PBXFileReference; fileEncoding = 4; lastKnownFileType = text; path = .editorconfig; sourceTree = "<group>"; };
		944FA6CD1F4299A700568794 /* .gitattributes */ = {isa = PBXFileReference; fileEncoding = 4; lastKnownFileType = text; path = .gitattributes; sourceTree = "<group>"; };
		944FA6CE1F4299A700568794 /* .gitignore */ = {isa = PBXFileReference; fileEncoding = 4; lastKnownFileType = text; path = .gitignore; sourceTree = "<group>"; };
		944FA6D01F4299A700568794 /* modules.xml */ = {isa = PBXFileReference; fileEncoding = 4; lastKnownFileType = text.xml; path = modules.xml; sourceTree = "<group>"; };
		944FA6D11F4299A700568794 /* untitled.iml */ = {isa = PBXFileReference; fileEncoding = 4; lastKnownFileType = text.xml; path = untitled.iml; sourceTree = "<group>"; };
		944FA6D21F4299A700568794 /* workspace.xml */ = {isa = PBXFileReference; fileEncoding = 4; lastKnownFileType = text.xml; path = workspace.xml; sourceTree = "<group>"; };
		944FA6D31F4299A700568794 /* .jscsrc */ = {isa = PBXFileReference; fileEncoding = 4; lastKnownFileType = text; path = .jscsrc; sourceTree = "<group>"; };
		944FA6D41F4299A700568794 /* .jshintrc */ = {isa = PBXFileReference; fileEncoding = 4; lastKnownFileType = text; path = .jshintrc; sourceTree = "<group>"; };
		944FA6D51F4299A700568794 /* .travis.yml */ = {isa = PBXFileReference; fileEncoding = 4; lastKnownFileType = text; path = .travis.yml; sourceTree = "<group>"; };
		944FA6D61F4299A700568794 /* CHANGELOG.md */ = {isa = PBXFileReference; fileEncoding = 4; lastKnownFileType = net.daringfireball.markdown; path = CHANGELOG.md; sourceTree = "<group>"; };
		944FA6D71F4299A700568794 /* CONTRIBUTING.md */ = {isa = PBXFileReference; fileEncoding = 4; lastKnownFileType = net.daringfireball.markdown; path = CONTRIBUTING.md; sourceTree = "<group>"; };
		944FA6D91F4299A700568794 /* .editorconfig */ = {isa = PBXFileReference; fileEncoding = 4; lastKnownFileType = text; path = .editorconfig; sourceTree = "<group>"; };
		944FA6DA1F4299A700568794 /* .gitattributes */ = {isa = PBXFileReference; fileEncoding = 4; lastKnownFileType = text; path = .gitattributes; sourceTree = "<group>"; };
		944FA6DB1F4299A700568794 /* .gitignore */ = {isa = PBXFileReference; fileEncoding = 4; lastKnownFileType = text; path = .gitignore; sourceTree = "<group>"; };
		944FA6DC1F4299A700568794 /* .htaccess */ = {isa = PBXFileReference; fileEncoding = 4; lastKnownFileType = text; path = .htaccess; sourceTree = "<group>"; };
		944FA6DD1F4299A700568794 /* 404.html */ = {isa = PBXFileReference; fileEncoding = 4; lastKnownFileType = text.html; path = 404.html; sourceTree = "<group>"; };
		944FA6DE1F4299A700568794 /* apple-touch-icon.png */ = {isa = PBXFileReference; lastKnownFileType = image.png; path = "apple-touch-icon.png"; sourceTree = "<group>"; };
		944FA6DF1F4299A700568794 /* browserconfig.xml */ = {isa = PBXFileReference; fileEncoding = 4; lastKnownFileType = text.xml; path = browserconfig.xml; sourceTree = "<group>"; };
		944FA6E01F4299A700568794 /* crossdomain.xml */ = {isa = PBXFileReference; fileEncoding = 4; lastKnownFileType = text.xml; path = crossdomain.xml; sourceTree = "<group>"; };
		944FA6E21F4299A700568794 /* main.css */ = {isa = PBXFileReference; fileEncoding = 4; lastKnownFileType = text.css; path = main.css; sourceTree = "<group>"; };
		944FA6E31F4299A700568794 /* normalize.css */ = {isa = PBXFileReference; fileEncoding = 4; lastKnownFileType = text.css; path = normalize.css; sourceTree = "<group>"; };
		944FA6E51F4299A700568794 /* css.md */ = {isa = PBXFileReference; fileEncoding = 4; lastKnownFileType = net.daringfireball.markdown; path = css.md; sourceTree = "<group>"; };
		944FA6E61F4299A700568794 /* extend.md */ = {isa = PBXFileReference; fileEncoding = 4; lastKnownFileType = net.daringfireball.markdown; path = extend.md; sourceTree = "<group>"; };
		944FA6E71F4299A700568794 /* faq.md */ = {isa = PBXFileReference; fileEncoding = 4; lastKnownFileType = net.daringfireball.markdown; path = faq.md; sourceTree = "<group>"; };
		944FA6E81F4299A700568794 /* html.md */ = {isa = PBXFileReference; fileEncoding = 4; lastKnownFileType = net.daringfireball.markdown; path = html.md; sourceTree = "<group>"; };
		944FA6E91F4299A700568794 /* js.md */ = {isa = PBXFileReference; fileEncoding = 4; lastKnownFileType = net.daringfireball.markdown; path = js.md; sourceTree = "<group>"; };
		944FA6EA1F4299A700568794 /* misc.md */ = {isa = PBXFileReference; fileEncoding = 4; lastKnownFileType = net.daringfireball.markdown; path = misc.md; sourceTree = "<group>"; };
		944FA6EB1F4299A700568794 /* TOC.md */ = {isa = PBXFileReference; fileEncoding = 4; lastKnownFileType = net.daringfireball.markdown; path = TOC.md; sourceTree = "<group>"; };
		944FA6EC1F4299A700568794 /* usage.md */ = {isa = PBXFileReference; fileEncoding = 4; lastKnownFileType = net.daringfireball.markdown; path = usage.md; sourceTree = "<group>"; };
		944FA6ED1F4299A700568794 /* favicon.ico */ = {isa = PBXFileReference; lastKnownFileType = image.ico; path = favicon.ico; sourceTree = "<group>"; };
		944FA6EE1F4299A700568794 /* humans.txt */ = {isa = PBXFileReference; fileEncoding = 4; lastKnownFileType = text; path = humans.txt; sourceTree = "<group>"; };
		944FA6F01F4299A700568794 /* .gitignore */ = {isa = PBXFileReference; fileEncoding = 4; lastKnownFileType = text; path = .gitignore; sourceTree = "<group>"; };
		944FA6F11F4299A700568794 /* index.html */ = {isa = PBXFileReference; fileEncoding = 4; lastKnownFileType = text.html; path = index.html; sourceTree = "<group>"; };
		944FA6F31F4299A700568794 /* main.js */ = {isa = PBXFileReference; fileEncoding = 4; lastKnownFileType = sourcecode.javascript; path = main.js; sourceTree = "<group>"; };
		944FA6F41F4299A700568794 /* plugins.js */ = {isa = PBXFileReference; fileEncoding = 4; lastKnownFileType = sourcecode.javascript; path = plugins.js; sourceTree = "<group>"; };
		944FA6F61F4299A700568794 /* jquery-1.12.0.min.js */ = {isa = PBXFileReference; fileEncoding = 4; lastKnownFileType = sourcecode.javascript; path = "jquery-1.12.0.min.js"; sourceTree = "<group>"; };
		944FA6F71F4299A700568794 /* modernizr-2.8.3.min.js */ = {isa = PBXFileReference; fileEncoding = 4; lastKnownFileType = sourcecode.javascript; path = "modernizr-2.8.3.min.js"; sourceTree = "<group>"; };
		944FA6F81F4299A700568794 /* LICENSE.txt */ = {isa = PBXFileReference; fileEncoding = 4; lastKnownFileType = text; path = LICENSE.txt; sourceTree = "<group>"; };
		944FA6F91F4299A700568794 /* robots.txt */ = {isa = PBXFileReference; fileEncoding = 4; lastKnownFileType = text; path = robots.txt; sourceTree = "<group>"; };
		944FA6FA1F4299A700568794 /* tile-wide.png */ = {isa = PBXFileReference; lastKnownFileType = image.png; path = "tile-wide.png"; sourceTree = "<group>"; };
		944FA6FB1F4299A700568794 /* tile.png */ = {isa = PBXFileReference; lastKnownFileType = image.png; path = tile.png; sourceTree = "<group>"; };
		944FA6FC1F4299A700568794 /* gulpfile.js */ = {isa = PBXFileReference; fileEncoding = 4; lastKnownFileType = sourcecode.javascript; path = gulpfile.js; sourceTree = "<group>"; };
		944FA6FD1F4299A700568794 /* LICENSE.txt */ = {isa = PBXFileReference; fileEncoding = 4; lastKnownFileType = text; path = LICENSE.txt; sourceTree = "<group>"; };
		944FA6FE1F4299A700568794 /* package.json */ = {isa = PBXFileReference; fileEncoding = 4; lastKnownFileType = text.json; path = package.json; sourceTree = "<group>"; };
		944FA6FF1F4299A700568794 /* README.md */ = {isa = PBXFileReference; fileEncoding = 4; lastKnownFileType = net.daringfireball.markdown; path = README.md; sourceTree = "<group>"; };
		944FA7011F4299A700568794 /* .editorconfig */ = {isa = PBXFileReference; fileEncoding = 4; lastKnownFileType = text; path = .editorconfig; sourceTree = "<group>"; };
		944FA7021F4299A700568794 /* .gitattributes */ = {isa = PBXFileReference; fileEncoding = 4; lastKnownFileType = text; path = .gitattributes; sourceTree = "<group>"; };
		944FA7031F4299A700568794 /* .gitignore */ = {isa = PBXFileReference; fileEncoding = 4; lastKnownFileType = text; path = .gitignore; sourceTree = "<group>"; };
		944FA7041F4299A700568794 /* 404.html */ = {isa = PBXFileReference; fileEncoding = 4; lastKnownFileType = text.html; path = 404.html; sourceTree = "<group>"; };
		944FA7051F4299A700568794 /* apple-touch-icon.png */ = {isa = PBXFileReference; lastKnownFileType = image.png; path = "apple-touch-icon.png"; sourceTree = "<group>"; };
		944FA7061F4299A700568794 /* browserconfig.xml */ = {isa = PBXFileReference; fileEncoding = 4; lastKnownFileType = text.xml; path = browserconfig.xml; sourceTree = "<group>"; };
		944FA7071F4299A700568794 /* crossdomain.xml */ = {isa = PBXFileReference; fileEncoding = 4; lastKnownFileType = text.xml; path = crossdomain.xml; sourceTree = "<group>"; };
		944FA7091F4299A700568794 /* main.css */ = {isa = PBXFileReference; fileEncoding = 4; lastKnownFileType = text.css; path = main.css; sourceTree = "<group>"; };
		944FA70B1F4299A700568794 /* css.md */ = {isa = PBXFileReference; fileEncoding = 4; lastKnownFileType = net.daringfireball.markdown; path = css.md; sourceTree = "<group>"; };
		944FA70C1F4299A700568794 /* extend.md */ = {isa = PBXFileReference; fileEncoding = 4; lastKnownFileType = net.daringfireball.markdown; path = extend.md; sourceTree = "<group>"; };
		944FA70D1F4299A700568794 /* faq.md */ = {isa = PBXFileReference; fileEncoding = 4; lastKnownFileType = net.daringfireball.markdown; path = faq.md; sourceTree = "<group>"; };
		944FA70E1F4299A700568794 /* html.md */ = {isa = PBXFileReference; fileEncoding = 4; lastKnownFileType = net.daringfireball.markdown; path = html.md; sourceTree = "<group>"; };
		944FA70F1F4299A700568794 /* js.md */ = {isa = PBXFileReference; fileEncoding = 4; lastKnownFileType = net.daringfireball.markdown; path = js.md; sourceTree = "<group>"; };
		944FA7101F4299A700568794 /* misc.md */ = {isa = PBXFileReference; fileEncoding = 4; lastKnownFileType = net.daringfireball.markdown; path = misc.md; sourceTree = "<group>"; };
		944FA7111F4299A700568794 /* TOC.md */ = {isa = PBXFileReference; fileEncoding = 4; lastKnownFileType = net.daringfireball.markdown; path = TOC.md; sourceTree = "<group>"; };
		944FA7121F4299A700568794 /* usage.md */ = {isa = PBXFileReference; fileEncoding = 4; lastKnownFileType = net.daringfireball.markdown; path = usage.md; sourceTree = "<group>"; };
		944FA7131F4299A700568794 /* favicon.ico */ = {isa = PBXFileReference; lastKnownFileType = image.ico; path = favicon.ico; sourceTree = "<group>"; };
		944FA7141F4299A700568794 /* humans.txt */ = {isa = PBXFileReference; fileEncoding = 4; lastKnownFileType = text; path = humans.txt; sourceTree = "<group>"; };
		944FA7161F4299A700568794 /* .gitignore */ = {isa = PBXFileReference; fileEncoding = 4; lastKnownFileType = text; path = .gitignore; sourceTree = "<group>"; };
		944FA7171F4299A700568794 /* index.html */ = {isa = PBXFileReference; fileEncoding = 4; lastKnownFileType = text.html; path = index.html; sourceTree = "<group>"; };
		944FA7191F4299A700568794 /* main.js */ = {isa = PBXFileReference; fileEncoding = 4; lastKnownFileType = sourcecode.javascript; path = main.js; sourceTree = "<group>"; };
		944FA71A1F4299A700568794 /* plugins.js */ = {isa = PBXFileReference; fileEncoding = 4; lastKnownFileType = sourcecode.javascript; path = plugins.js; sourceTree = "<group>"; };
		944FA71C1F4299A700568794 /* modernizr-2.8.3.min.js */ = {isa = PBXFileReference; fileEncoding = 4; lastKnownFileType = sourcecode.javascript; path = "modernizr-2.8.3.min.js"; sourceTree = "<group>"; };
		944FA71D1F4299A700568794 /* robots.txt */ = {isa = PBXFileReference; fileEncoding = 4; lastKnownFileType = text; path = robots.txt; sourceTree = "<group>"; };
		944FA71E1F4299A700568794 /* tile-wide.png */ = {isa = PBXFileReference; lastKnownFileType = image.png; path = "tile-wide.png"; sourceTree = "<group>"; };
		944FA71F1F4299A700568794 /* tile.png */ = {isa = PBXFileReference; lastKnownFileType = image.png; path = tile.png; sourceTree = "<group>"; };
		944FA7211F4299A700568794 /* file_content.js */ = {isa = PBXFileReference; fileEncoding = 4; lastKnownFileType = sourcecode.javascript; path = file_content.js; sourceTree = "<group>"; };
		944FA7221F4299A700568794 /* file_existence.js */ = {isa = PBXFileReference; fileEncoding = 4; lastKnownFileType = sourcecode.javascript; path = file_existence.js; sourceTree = "<group>"; };
		945AD9DA1F4293B400B9AB92 /* TestWKWebView.app */ = {isa = PBXFileReference; explicitFileType = wrapper.application; includeInIndex = 0; path = TestWKWebView.app; sourceTree = BUILT_PRODUCTS_DIR; };
		945AD9DE1F4293B400B9AB92 /* main.m */ = {isa = PBXFileReference; lastKnownFileType = sourcecode.c.objc; path = main.m; sourceTree = "<group>"; };
		945AD9E01F4293B400B9AB92 /* AppDelegate.h */ = {isa = PBXFileReference; lastKnownFileType = sourcecode.c.h; path = AppDelegate.h; sourceTree = "<group>"; };
		945AD9E11F4293B400B9AB92 /* AppDelegate.m */ = {isa = PBXFileReference; lastKnownFileType = sourcecode.c.objc; path = AppDelegate.m; sourceTree = "<group>"; };
		945AD9E31F4293B400B9AB92 /* ViewController.h */ = {isa = PBXFileReference; lastKnownFileType = sourcecode.c.h; path = ViewController.h; sourceTree = "<group>"; };
		945AD9E41F4293B400B9AB92 /* ViewController.m */ = {isa = PBXFileReference; lastKnownFileType = sourcecode.c.objc; path = ViewController.m; sourceTree = "<group>"; };
		945AD9E71F4293B400B9AB92 /* Base */ = {isa = PBXFileReference; lastKnownFileType = file.storyboard; name = Base; path = Base.lproj/Main.storyboard; sourceTree = "<group>"; };
		945AD9E91F4293B400B9AB92 /* Assets.xcassets */ = {isa = PBXFileReference; lastKnownFileType = folder.assetcatalog; path = Assets.xcassets; sourceTree = "<group>"; };
		945AD9EC1F4293B400B9AB92 /* Base */ = {isa = PBXFileReference; lastKnownFileType = file.storyboard; name = Base; path = Base.lproj/LaunchScreen.storyboard; sourceTree = "<group>"; };
		945AD9EE1F4293B400B9AB92 /* Info.plist */ = {isa = PBXFileReference; lastKnownFileType = text.plist.xml; path = Info.plist; sourceTree = "<group>"; };
/* End PBXFileReference section */

/* Begin PBXFrameworksBuildPhase section */
		945AD9D71F4293B400B9AB92 /* Frameworks */ = {
			isa = PBXFrameworksBuildPhase;
			buildActionMask = 2147483647;
			files = (
			);
			runOnlyForDeploymentPostprocessing = 0;
		};
/* End PBXFrameworksBuildPhase section */

/* Begin PBXGroup section */
		944FA6CB1F4299A700568794 /* untitled */ = {
			isa = PBXGroup;
			children = (
				944FA6CC1F4299A700568794 /* .editorconfig */,
				944FA6CD1F4299A700568794 /* .gitattributes */,
				944FA6CE1F4299A700568794 /* .gitignore */,
				944FA6CF1F4299A700568794 /* .idea */,
				944FA6D31F4299A700568794 /* .jscsrc */,
				944FA6D41F4299A700568794 /* .jshintrc */,
				944FA6D51F4299A700568794 /* .travis.yml */,
				944FA6D61F4299A700568794 /* CHANGELOG.md */,
				944FA6D71F4299A700568794 /* CONTRIBUTING.md */,
				944FA6D81F4299A700568794 /* dist */,
				944FA6FC1F4299A700568794 /* gulpfile.js */,
				944FA6FD1F4299A700568794 /* LICENSE.txt */,
				944FA6FE1F4299A700568794 /* package.json */,
				944FA6FF1F4299A700568794 /* README.md */,
				944FA7001F4299A700568794 /* src */,
				944FA7201F4299A700568794 /* test */,
			);
			path = untitled;
			sourceTree = "<group>";
		};
		944FA6CF1F4299A700568794 /* .idea */ = {
			isa = PBXGroup;
			children = (
				944FA6D01F4299A700568794 /* modules.xml */,
				944FA6D11F4299A700568794 /* untitled.iml */,
				944FA6D21F4299A700568794 /* workspace.xml */,
			);
			path = .idea;
			sourceTree = "<group>";
		};
		944FA6D81F4299A700568794 /* dist */ = {
			isa = PBXGroup;
			children = (
				944FA6D91F4299A700568794 /* .editorconfig */,
				944FA6DA1F4299A700568794 /* .gitattributes */,
				944FA6DB1F4299A700568794 /* .gitignore */,
				944FA6DC1F4299A700568794 /* .htaccess */,
				944FA6DD1F4299A700568794 /* 404.html */,
				944FA6DE1F4299A700568794 /* apple-touch-icon.png */,
				944FA6DF1F4299A700568794 /* browserconfig.xml */,
				944FA6E01F4299A700568794 /* crossdomain.xml */,
				944FA6E11F4299A700568794 /* css */,
				944FA6E41F4299A700568794 /* doc */,
				944FA6ED1F4299A700568794 /* favicon.ico */,
				944FA6EE1F4299A700568794 /* humans.txt */,
				944FA6EF1F4299A700568794 /* img */,
				944FA6F11F4299A700568794 /* index.html */,
				944FA6F21F4299A700568794 /* js */,
				944FA6F81F4299A700568794 /* LICENSE.txt */,
				944FA6F91F4299A700568794 /* robots.txt */,
				944FA6FA1F4299A700568794 /* tile-wide.png */,
				944FA6FB1F4299A700568794 /* tile.png */,
			);
			path = dist;
			sourceTree = "<group>";
		};
		944FA6E11F4299A700568794 /* css */ = {
			isa = PBXGroup;
			children = (
				944FA6E21F4299A700568794 /* main.css */,
				944FA6E31F4299A700568794 /* normalize.css */,
			);
			path = css;
			sourceTree = "<group>";
		};
		944FA6E41F4299A700568794 /* doc */ = {
			isa = PBXGroup;
			children = (
				944FA6E51F4299A700568794 /* css.md */,
				944FA6E61F4299A700568794 /* extend.md */,
				944FA6E71F4299A700568794 /* faq.md */,
				944FA6E81F4299A700568794 /* html.md */,
				944FA6E91F4299A700568794 /* js.md */,
				944FA6EA1F4299A700568794 /* misc.md */,
				944FA6EB1F4299A700568794 /* TOC.md */,
				944FA6EC1F4299A700568794 /* usage.md */,
			);
			path = doc;
			sourceTree = "<group>";
		};
		944FA6EF1F4299A700568794 /* img */ = {
			isa = PBXGroup;
			children = (
				944FA6F01F4299A700568794 /* .gitignore */,
			);
			path = img;
			sourceTree = "<group>";
		};
		944FA6F21F4299A700568794 /* js */ = {
			isa = PBXGroup;
			children = (
				944FA6F31F4299A700568794 /* main.js */,
				944FA6F41F4299A700568794 /* plugins.js */,
				944FA6F51F4299A700568794 /* vendor */,
			);
			path = js;
			sourceTree = "<group>";
		};
		944FA6F51F4299A700568794 /* vendor */ = {
			isa = PBXGroup;
			children = (
				944FA6F61F4299A700568794 /* jquery-1.12.0.min.js */,
				944FA6F71F4299A700568794 /* modernizr-2.8.3.min.js */,
			);
			path = vendor;
			sourceTree = "<group>";
		};
		944FA7001F4299A700568794 /* src */ = {
			isa = PBXGroup;
			children = (
				944FA7011F4299A700568794 /* .editorconfig */,
				944FA7021F4299A700568794 /* .gitattributes */,
				944FA7031F4299A700568794 /* .gitignore */,
				944FA7041F4299A700568794 /* 404.html */,
				944FA7051F4299A700568794 /* apple-touch-icon.png */,
				944FA7061F4299A700568794 /* browserconfig.xml */,
				944FA7071F4299A700568794 /* crossdomain.xml */,
				944FA7081F4299A700568794 /* css */,
				944FA70A1F4299A700568794 /* doc */,
				944FA7131F4299A700568794 /* favicon.ico */,
				944FA7141F4299A700568794 /* humans.txt */,
				944FA7151F4299A700568794 /* img */,
				944FA7171F4299A700568794 /* index.html */,
				944FA7181F4299A700568794 /* js */,
				944FA71D1F4299A700568794 /* robots.txt */,
				944FA71E1F4299A700568794 /* tile-wide.png */,
				944FA71F1F4299A700568794 /* tile.png */,
			);
			path = src;
			sourceTree = "<group>";
		};
		944FA7081F4299A700568794 /* css */ = {
			isa = PBXGroup;
			children = (
				944FA7091F4299A700568794 /* main.css */,
			);
			path = css;
			sourceTree = "<group>";
		};
		944FA70A1F4299A700568794 /* doc */ = {
			isa = PBXGroup;
			children = (
				944FA70B1F4299A700568794 /* css.md */,
				944FA70C1F4299A700568794 /* extend.md */,
				944FA70D1F4299A700568794 /* faq.md */,
				944FA70E1F4299A700568794 /* html.md */,
				944FA70F1F4299A700568794 /* js.md */,
				944FA7101F4299A700568794 /* misc.md */,
				944FA7111F4299A700568794 /* TOC.md */,
				944FA7121F4299A700568794 /* usage.md */,
			);
			path = doc;
			sourceTree = "<group>";
		};
		944FA7151F4299A700568794 /* img */ = {
			isa = PBXGroup;
			children = (
				944FA7161F4299A700568794 /* .gitignore */,
			);
			path = img;
			sourceTree = "<group>";
		};
		944FA7181F4299A700568794 /* js */ = {
			isa = PBXGroup;
			children = (
				944FA7191F4299A700568794 /* main.js */,
				944FA71A1F4299A700568794 /* plugins.js */,
				944FA71B1F4299A700568794 /* vendor */,
			);
			path = js;
			sourceTree = "<group>";
		};
		944FA71B1F4299A700568794 /* vendor */ = {
			isa = PBXGroup;
			children = (
				944FA71C1F4299A700568794 /* modernizr-2.8.3.min.js */,
			);
			path = vendor;
			sourceTree = "<group>";
		};
		944FA7201F4299A700568794 /* test */ = {
			isa = PBXGroup;
			children = (
				944FA7211F4299A700568794 /* file_content.js */,
				944FA7221F4299A700568794 /* file_existence.js */,
			);
			path = test;
			sourceTree = "<group>";
		};
		945AD9D11F4293B300B9AB92 = {
			isa = PBXGroup;
			children = (
				945AD9DC1F4293B400B9AB92 /* TestWKWebView */,
				945AD9DB1F4293B400B9AB92 /* Products */,
			);
			sourceTree = "<group>";
		};
		945AD9DB1F4293B400B9AB92 /* Products */ = {
			isa = PBXGroup;
			children = (
				945AD9DA1F4293B400B9AB92 /* TestWKWebView.app */,
			);
			name = Products;
			sourceTree = "<group>";
		};
		945AD9DC1F4293B400B9AB92 /* TestWKWebView */ = {
			isa = PBXGroup;
			children = (
				944FA6CB1F4299A700568794 /* untitled */,
				945AD9E01F4293B400B9AB92 /* AppDelegate.h */,
				945AD9E11F4293B400B9AB92 /* AppDelegate.m */,
				945AD9E31F4293B400B9AB92 /* ViewController.h */,
				945AD9E41F4293B400B9AB92 /* ViewController.m */,
				945AD9E61F4293B400B9AB92 /* Main.storyboard */,
				945AD9E91F4293B400B9AB92 /* Assets.xcassets */,
				945AD9EB1F4293B400B9AB92 /* LaunchScreen.storyboard */,
				945AD9EE1F4293B400B9AB92 /* Info.plist */,
				945AD9DD1F4293B400B9AB92 /* Supporting Files */,
			);
			path = TestWKWebView;
			sourceTree = "<group>";
		};
		945AD9DD1F4293B400B9AB92 /* Supporting Files */ = {
			isa = PBXGroup;
			children = (
				945AD9DE1F4293B400B9AB92 /* main.m */,
			);
			name = "Supporting Files";
			sourceTree = "<group>";
		};
/* End PBXGroup section */

/* Begin PBXNativeTarget section */
		945AD9D91F4293B400B9AB92 /* TestWKWebView */ = {
			isa = PBXNativeTarget;
			buildConfigurationList = 945AD9F11F4293B400B9AB92 /* Build configuration list for PBXNativeTarget "TestWKWebView" */;
			buildPhases = (
				945AD9D61F4293B400B9AB92 /* Sources */,
				945AD9D71F4293B400B9AB92 /* Frameworks */,
				945AD9D81F4293B400B9AB92 /* Resources */,
			);
			buildRules = (
			);
			dependencies = (
			);
			name = TestWKWebView;
			productName = TestWKWebView;
			productReference = 945AD9DA1F4293B400B9AB92 /* TestWKWebView.app */;
			productType = "com.apple.product-type.application";
		};
/* End PBXNativeTarget section */

/* Begin PBXProject section */
		945AD9D21F4293B400B9AB92 /* Project object */ = {
			isa = PBXProject;
			attributes = {
				LastUpgradeCheck = 0830;
				ORGANIZATIONNAME = changtu;
				TargetAttributes = {
					945AD9D91F4293B400B9AB92 = {
						CreatedOnToolsVersion = 8.3.3;
						ProvisioningStyle = Automatic;
					};
				};
			};
			buildConfigurationList = 945AD9D51F4293B400B9AB92 /* Build configuration list for PBXProject "TestWKWebView" */;
			compatibilityVersion = "Xcode 3.2";
			developmentRegion = English;
			hasScannedForEncodings = 0;
			knownRegions = (
				en,
				Base,
			);
			mainGroup = 945AD9D11F4293B300B9AB92;
			productRefGroup = 945AD9DB1F4293B400B9AB92 /* Products */;
			projectDirPath = "";
			projectRoot = "";
			targets = (
				945AD9D91F4293B400B9AB92 /* TestWKWebView */,
			);
		};
/* End PBXProject section */

/* Begin PBXResourcesBuildPhase section */
		945AD9D81F4293B400B9AB92 /* Resources */ = {
			isa = PBXResourcesBuildPhase;
			buildActionMask = 2147483647;
			files = (
				944FA7521F4299A700568794 /* .gitignore in Resources */,
				944FA7241F4299A700568794 /* .gitattributes in Resources */,
				944FA7261F4299A700568794 /* modules.xml in Resources */,
				944FA72A1F4299A700568794 /* .jshintrc in Resources */,
				944FA7561F4299A700568794 /* crossdomain.xml in Resources */,
				944FA7611F4299A700568794 /* humans.txt in Resources */,
				944FA7461F4299A700568794 /* jquery-1.12.0.min.js in Resources */,
				944FA7541F4299A700568794 /* apple-touch-icon.png in Resources */,
				944FA7431F4299A700568794 /* index.html in Resources */,
				944FA7641F4299A700568794 /* main.js in Resources */,
				944FA7371F4299A700568794 /* normalize.css in Resources */,
				944FA7321F4299A700568794 /* 404.html in Resources */,
				944FA7281F4299A700568794 /* workspace.xml in Resources */,
				944FA7671F4299A700568794 /* robots.txt in Resources */,
				944FA7571F4299A700568794 /* main.css in Resources */,
				944FA7341F4299A700568794 /* browserconfig.xml in Resources */,
				944FA7631F4299A700568794 /* index.html in Resources */,
				944FA7331F4299A700568794 /* apple-touch-icon.png in Resources */,
				944FA7231F4299A700568794 /* .editorconfig in Resources */,
				944FA7621F4299A700568794 /* .gitignore in Resources */,
				944FA74E1F4299A700568794 /* package.json in Resources */,
				944FA7311F4299A700568794 /* .htaccess in Resources */,
				944FA7681F4299A700568794 /* tile-wide.png in Resources */,
				944FA74D1F4299A700568794 /* LICENSE.txt in Resources */,
				944FA7421F4299A700568794 /* .gitignore in Resources */,
				944FA7481F4299A700568794 /* LICENSE.txt in Resources */,
				944FA7501F4299A700568794 /* .editorconfig in Resources */,
				944FA76B1F4299A700568794 /* file_existence.js in Resources */,
				944FA74C1F4299A700568794 /* gulpfile.js in Resources */,
				944FA72E1F4299A700568794 /* .editorconfig in Resources */,
				944FA74B1F4299A700568794 /* tile.png in Resources */,
				944FA7531F4299A700568794 /* 404.html in Resources */,
				945AD9ED1F4293B400B9AB92 /* LaunchScreen.storyboard in Resources */,
				944FA72B1F4299A700568794 /* .travis.yml in Resources */,
				944FA7491F4299A700568794 /* robots.txt in Resources */,
				944FA7451F4299A700568794 /* plugins.js in Resources */,
				944FA7351F4299A700568794 /* crossdomain.xml in Resources */,
				944FA76A1F4299A700568794 /* file_content.js in Resources */,
				944FA7691F4299A700568794 /* tile.png in Resources */,
				944FA7291F4299A700568794 /* .jscsrc in Resources */,
				945AD9EA1F4293B400B9AB92 /* Assets.xcassets in Resources */,
				944FA7551F4299A700568794 /* browserconfig.xml in Resources */,
				944FA7301F4299A700568794 /* .gitignore in Resources */,
				944FA7271F4299A700568794 /* untitled.iml in Resources */,
				944FA7661F4299A700568794 /* modernizr-2.8.3.min.js in Resources */,
				944FA7361F4299A700568794 /* main.css in Resources */,
				944FA74A1F4299A700568794 /* tile-wide.png in Resources */,
				944FA7651F4299A700568794 /* plugins.js in Resources */,
				944FA72F1F4299A700568794 /* .gitattributes in Resources */,
				944FA7411F4299A700568794 /* humans.txt in Resources */,
				944FA7251F4299A700568794 /* .gitignore in Resources */,
				944FA7441F4299A700568794 /* main.js in Resources */,
				944FA7401F4299A700568794 /* favicon.ico in Resources */,
				945AD9E81F4293B400B9AB92 /* Main.storyboard in Resources */,
				944FA7511F4299A700568794 /* .gitattributes in Resources */,
				944FA7601F4299A700568794 /* favicon.ico in Resources */,
				944FA7471F4299A700568794 /* modernizr-2.8.3.min.js in Resources */,
			);
			runOnlyForDeploymentPostprocessing = 0;
		};
/* End PBXResourcesBuildPhase section */

/* Begin PBXSourcesBuildPhase section */
		945AD9D61F4293B400B9AB92 /* Sources */ = {
			isa = PBXSourcesBuildPhase;
			buildActionMask = 2147483647;
			files = (
				944FA7591F4299A700568794 /* extend.md in Sources */,
				944FA73F1F4299A700568794 /* usage.md in Sources */,
				945AD9E51F4293B400B9AB92 /* ViewController.m in Sources */,
				945AD9E21F4293B400B9AB92 /* AppDelegate.m in Sources */,
				944FA7381F4299A700568794 /* css.md in Sources */,
				944FA72D1F4299A700568794 /* CONTRIBUTING.md in Sources */,
				944FA75F1F4299A700568794 /* usage.md in Sources */,
				944FA7581F4299A700568794 /* css.md in Sources */,
				945AD9DF1F4293B400B9AB92 /* main.m in Sources */,
				944FA75E1F4299A700568794 /* TOC.md in Sources */,
				944FA75A1F4299A700568794 /* faq.md in Sources */,
				944FA73A1F4299A700568794 /* faq.md in Sources */,
				944FA75D1F4299A700568794 /* misc.md in Sources */,
				944FA73B1F4299A700568794 /* html.md in Sources */,
				944FA73D1F4299A700568794 /* misc.md in Sources */,
				944FA72C1F4299A700568794 /* CHANGELOG.md in Sources */,
				944FA74F1F4299A700568794 /* README.md in Sources */,
				944FA7391F4299A700568794 /* extend.md in Sources */,
				944FA75C1F4299A700568794 /* js.md in Sources */,
				944FA75B1F4299A700568794 /* html.md in Sources */,
				944FA73C1F4299A700568794 /* js.md in Sources */,
				944FA73E1F4299A700568794 /* TOC.md in Sources */,
			);
			runOnlyForDeploymentPostprocessing = 0;
		};
/* End PBXSourcesBuildPhase section */

/* Begin PBXVariantGroup section */
		945AD9E61F4293B400B9AB92 /* Main.storyboard */ = {
			isa = PBXVariantGroup;
			children = (
				945AD9E71F4293B400B9AB92 /* Base */,
			);
			name = Main.storyboard;
			sourceTree = "<group>";
		};
		945AD9EB1F4293B400B9AB92 /* LaunchScreen.storyboard */ = {
			isa = PBXVariantGroup;
			children = (
				945AD9EC1F4293B400B9AB92 /* Base */,
			);
			name = LaunchScreen.storyboard;
			sourceTree = "<group>";
		};
/* End PBXVariantGroup section */

/* Begin XCBuildConfiguration section */
		945AD9EF1F4293B400B9AB92 /* Debug */ = {
			isa = XCBuildConfiguration;
			buildSettings = {
				ALWAYS_SEARCH_USER_PATHS = NO;
				CLANG_ANALYZER_NONNULL = YES;
				CLANG_ANALYZER_NUMBER_OBJECT_CONVERSION = YES_AGGRESSIVE;
				CLANG_CXX_LANGUAGE_STANDARD = "gnu++0x";
				CLANG_CXX_LIBRARY = "libc++";
				CLANG_ENABLE_MODULES = YES;
				CLANG_ENABLE_OBJC_ARC = YES;
				CLANG_WARN_BOOL_CONVERSION = YES;
				CLANG_WARN_CONSTANT_CONVERSION = YES;
				CLANG_WARN_DIRECT_OBJC_ISA_USAGE = YES_ERROR;
				CLANG_WARN_DOCUMENTATION_COMMENTS = YES;
				CLANG_WARN_EMPTY_BODY = YES;
				CLANG_WARN_ENUM_CONVERSION = YES;
				CLANG_WARN_INFINITE_RECURSION = YES;
				CLANG_WARN_INT_CONVERSION = YES;
				CLANG_WARN_OBJC_ROOT_CLASS = YES_ERROR;
				CLANG_WARN_SUSPICIOUS_MOVE = YES;
				CLANG_WARN_UNREACHABLE_CODE = YES;
				CLANG_WARN__DUPLICATE_METHOD_MATCH = YES;
				"CODE_SIGN_IDENTITY[sdk=iphoneos*]" = "iPhone Developer";
				COPY_PHASE_STRIP = NO;
				DEBUG_INFORMATION_FORMAT = dwarf;
				ENABLE_STRICT_OBJC_MSGSEND = YES;
				ENABLE_TESTABILITY = YES;
				GCC_C_LANGUAGE_STANDARD = gnu99;
				GCC_DYNAMIC_NO_PIC = NO;
				GCC_NO_COMMON_BLOCKS = YES;
				GCC_OPTIMIZATION_LEVEL = 0;
				GCC_PREPROCESSOR_DEFINITIONS = (
					"DEBUG=1",
					"$(inherited)",
				);
				GCC_WARN_64_TO_32_BIT_CONVERSION = YES;
				GCC_WARN_ABOUT_RETURN_TYPE = YES_ERROR;
				GCC_WARN_UNDECLARED_SELECTOR = YES;
				GCC_WARN_UNINITIALIZED_AUTOS = YES_AGGRESSIVE;
				GCC_WARN_UNUSED_FUNCTION = YES;
				GCC_WARN_UNUSED_VARIABLE = YES;
				IPHONEOS_DEPLOYMENT_TARGET = 10.3;
				MTL_ENABLE_DEBUG_INFO = YES;
				ONLY_ACTIVE_ARCH = YES;
				SDKROOT = iphoneos;
			};
			name = Debug;
		};
		945AD9F01F4293B400B9AB92 /* Release */ = {
			isa = XCBuildConfiguration;
			buildSettings = {
				ALWAYS_SEARCH_USER_PATHS = NO;
				CLANG_ANALYZER_NONNULL = YES;
				CLANG_ANALYZER_NUMBER_OBJECT_CONVERSION = YES_AGGRESSIVE;
				CLANG_CXX_LANGUAGE_STANDARD = "gnu++0x";
				CLANG_CXX_LIBRARY = "libc++";
				CLANG_ENABLE_MODULES = YES;
				CLANG_ENABLE_OBJC_ARC = YES;
				CLANG_WARN_BOOL_CONVERSION = YES;
				CLANG_WARN_CONSTANT_CONVERSION = YES;
				CLANG_WARN_DIRECT_OBJC_ISA_USAGE = YES_ERROR;
				CLANG_WARN_DOCUMENTATION_COMMENTS = YES;
				CLANG_WARN_EMPTY_BODY = YES;
				CLANG_WARN_ENUM_CONVERSION = YES;
				CLANG_WARN_INFINITE_RECURSION = YES;
				CLANG_WARN_INT_CONVERSION = YES;
				CLANG_WARN_OBJC_ROOT_CLASS = YES_ERROR;
				CLANG_WARN_SUSPICIOUS_MOVE = YES;
				CLANG_WARN_UNREACHABLE_CODE = YES;
				CLANG_WARN__DUPLICATE_METHOD_MATCH = YES;
				"CODE_SIGN_IDENTITY[sdk=iphoneos*]" = "iPhone Developer";
				COPY_PHASE_STRIP = NO;
				DEBUG_INFORMATION_FORMAT = "dwarf-with-dsym";
				ENABLE_NS_ASSERTIONS = NO;
				ENABLE_STRICT_OBJC_MSGSEND = YES;
				GCC_C_LANGUAGE_STANDARD = gnu99;
				GCC_NO_COMMON_BLOCKS = YES;
				GCC_WARN_64_TO_32_BIT_CONVERSION = YES;
				GCC_WARN_ABOUT_RETURN_TYPE = YES_ERROR;
				GCC_WARN_UNDECLARED_SELECTOR = YES;
				GCC_WARN_UNINITIALIZED_AUTOS = YES_AGGRESSIVE;
				GCC_WARN_UNUSED_FUNCTION = YES;
				GCC_WARN_UNUSED_VARIABLE = YES;
				IPHONEOS_DEPLOYMENT_TARGET = 10.3;
				MTL_ENABLE_DEBUG_INFO = NO;
				SDKROOT = iphoneos;
				VALIDATE_PRODUCT = YES;
			};
			name = Release;
		};
		945AD9F21F4293B400B9AB92 /* Debug */ = {
			isa = XCBuildConfiguration;
			buildSettings = {
				ASSETCATALOG_COMPILER_APPICON_NAME = AppIcon;
				INFOPLIST_FILE = TestWKWebView/Info.plist;
				LD_RUNPATH_SEARCH_PATHS = "$(inherited) @executable_path/Frameworks";
				PRODUCT_BUNDLE_IDENTIFIER = com.ctw.TestWKWebView;
				PRODUCT_NAME = "$(TARGET_NAME)";
			};
			name = Debug;
		};
		945AD9F31F4293B400B9AB92 /* Release */ = {
			isa = XCBuildConfiguration;
			buildSettings = {
				ASSETCATALOG_COMPILER_APPICON_NAME = AppIcon;
				INFOPLIST_FILE = TestWKWebView/Info.plist;
				LD_RUNPATH_SEARCH_PATHS = "$(inherited) @executable_path/Frameworks";
				PRODUCT_BUNDLE_IDENTIFIER = com.ctw.TestWKWebView;
				PRODUCT_NAME = "$(TARGET_NAME)";
			};
			name = Release;
		};
/* End XCBuildConfiguration section */

/* Begin XCConfigurationList section */
		945AD9D51F4293B400B9AB92 /* Build configuration list for PBXProject "TestWKWebView" */ = {
			isa = XCConfigurationList;
			buildConfigurations = (
				945AD9EF1F4293B400B9AB92 /* Debug */,
				945AD9F01F4293B400B9AB92 /* Release */,
			);
			defaultConfigurationIsVisible = 0;
			defaultConfigurationName = Release;
		};
		945AD9F11F4293B400B9AB92 /* Build configuration list for PBXNativeTarget "TestWKWebView" */ = {
			isa = XCConfigurationList;
			buildConfigurations = (
				945AD9F21F4293B400B9AB92 /* Debug */,
				945AD9F31F4293B400B9AB92 /* Release */,
			);
			defaultConfigurationIsVisible = 0;
			defaultConfigurationName = Release;
		};
/* End XCConfigurationList section */
	};
	rootObject = 945AD9D21F4293B400B9AB92 /* Project object */;
}
